{
  "name": "archcode",
  "version": "0.2.0-preview.0",
  "lockfileVersion": 3,
  "requires": true,
  "packages": {
    "": {
      "name": "archcode",
      "version": "0.2.0-preview.0",
      "license": "Apache-2.0",
      "dependencies": {
        "@archcode-io/engine": "file:../engine"
      },
      "bin": {
        "archcode": "bin/archcode.mjs"
      },
      "engines": {
        "node": ">=20"
      }
    },
    "../engine": {
      "name": "@archcode-io/engine",
      "version": "0.2.0-preview.0",
      "license": "Apache-2.0",
      "dependencies": {
        "elkjs": "^0.12.0"
      },
      "devDependencies": {
        "@types/node": "^22.0.0",
        "typescript": "^5.6.0"
      },
      "engines": {
        "node": ">=20"
      }
    },
    "node_modules/@archcode-io/engine": {
      "resolved": "../engine",
      "link": true
    }
  }
}
